{
  "nodes": {
    "flake-utils": {
      "locked": {
        "lastModified": 1642700792,
        "narHash": "sha256-XqHrk7hFb+zBvRg6Ghl+AZDq03ov6OshJLiSWOoX5es=",
        "owner": "numtide",
        "repo": "flake-utils",
        "rev": "846b2ae0fc4cc943637d3d1def4454213e203cba",
        "type": "github"
      },
      "original": {
        "owner": "numtide",
        "repo": "flake-utils",
        "type": "github"
      }
    },
    "nixpkgs": {
      "locked": {
        "lastModified": 1643472818,
        "narHash": "sha256-qzVPxKDUubYIxKRSuDl/JgzXWSmGvUVYny9SxFMfPJM=",
        "owner": "NixOS",
        "repo": "nixpkgs",
        "rev": "7f65e4abd5ecaad12d2d26e4380d1a7d8edafea7",
        "type": "github"
      },
      "original": {
        "owner": "NixOS",
        "ref": "nixpkgs-unstable",
        "repo": "nixpkgs",
        "type": "github"
      }
    },
    "nixpkgs-patched": {
      "locked": {
        "lastModified": 1643917103,
        "narHash": "sha256-6P6i9aapP0H7voTKvdgOvHqpDRaYf+5hhZ1h4R7AHOg=",
        "owner": "akshaymankar",
        "repo": "nixpkgs",
        "rev": "a25dac89e0b02e7b350942a5b4d4a9e44d8758a9",
        "type": "github"
      },
      "original": {
        "owner": "akshaymankar",
        "ref": "ghc9-generic-lens",
        "repo": "nixpkgs",
        "type": "github"
      }
    },
    "root": {
      "inputs": {
        "flake-utils": "flake-utils",
        "nixpkgs": "nixpkgs",
        "nixpkgs-patched": "nixpkgs-patched"
      }
    }
  },
  "root": "root",
  "version": 7
}
